
Microsoft Visual Studio Solution File, Format Version 12.00
# Visual Studio Version 17
VisualStudioVersion = 17.3.32929.385
MinimumVisualStudioVersion = 10.0.40219.1
Project("{9A19103F-16F7-4668-BE54-9A1E7A4F7556}") = "ADC", "ADC\ADC.csproj", "{6DE80550-E440-4000-A6D5-011D0B4A9D60}"
EndProject
Global
	GlobalSection(SolutionConfigurationPlatforms) = preSolution
		Debug|Any CPU = Debug|Any CPU
		Release|Any CPU = Release|Any CPU
	EndGlobalSection
	GlobalSection(ProjectConfigurationPlatforms) = postSolution
		{6DE80550-E440-4000-A6D5-011D0B4A9D60}.Debug|Any CPU.ActiveCfg = Debug|Any CPU
		{6DE80550-E440-4000-A6D5-011D0B4A9D60}.Debug|Any CPU.Build.0 = Debug|Any CPU
		{6DE80550-E440-4000-A6D5-011D0B4A9D60}.Release|Any CPU.ActiveCfg = Release|Any CPU
		{6DE80550-E440-4000-A6D5-011D0B4A9D60}.Release|Any CPU.Build.0 = Release|Any CPU
	EndGlobalSection
	GlobalSection(SolutionProperties) = preSolution
		HideSolutionNode = FALSE
	EndGlobalSection
	GlobalSection(ExtensibilityGlobals) = postSolution
		SolutionGuid = {619BA437-F225-43EC-BF2D-EB711A1BC4B1}
	EndGlobalSection
EndGlobal
